
Microsoft Visual Studio Solution File, Format Version 12.00
# Visual Studio 15
VisualStudioVersion = 15.0.27428.2037
MinimumVisualStudioVersion = 10.0.40219.1
Project("{888888A0-9F3D-457C-B088-3A5042F75D52}") = "UdacityML", "UdacityML\UdacityML.pyproj", "{41A2978C-0201-4C79-B416-E3A28C68342D}"
EndProject
Global
	GlobalSection(SolutionConfigurationPlatforms) = preSolution
		Debug|Any CPU = Debug|Any CPU
		Release|Any CPU = Release|Any CPU
	EndGlobalSection
	GlobalSection(ProjectConfigurationPlatforms) = postSolution
		{41A2978C-0201-4C79-B416-E3A28C68342D}.Debug|Any CPU.ActiveCfg = Debug|Any CPU
		{41A2978C-0201-4C79-B416-E3A28C68342D}.Release|Any CPU.ActiveCfg = Release|Any CPU
	EndGlobalSection
	GlobalSection(SolutionProperties) = preSolution
		HideSolutionNode = FALSE
	EndGlobalSection
	GlobalSection(ExtensibilityGlobals) = postSolution
		SolutionGuid = {F639F497-C613-467D-B4E8-A8275DF98C44}
	EndGlobalSection
EndGlobal
